// !$*UTF8*$!
{
	archiveVersion = 1;
	classes = {
	};
	objectVersion = 50;
	objects = {

/* Begin PBXBuildFile section */
		BA2810A32515EEC4002E78E3 /* AppDelegate.swift in Sources */ = {isa = PBXBuildFile; fileRef = BA2810A22515EEC4002E78E3 /* AppDelegate.swift */; };
		BA2810A52515EEC4002E78E3 /* ViewController.swift in Sources */ = {isa = PBXBuildFile; fileRef = BA2810A42515EEC4002E78E3 /* ViewController.swift */; };
		BA2810A82515EEC4002E78E3 /* a207Play.xcdatamodeld in Sources */ = {isa = PBXBuildFile; fileRef = BA2810A62515EEC4002E78E3 /* a207Play.xcdatamodeld */; };
		BA2810AA2515EEC5002E78E3 /* Assets.xcassets in Resources */ = {isa = PBXBuildFile; fileRef = BA2810A92515EEC5002E78E3 /* Assets.xcassets */; };
		BA2810AD2515EEC5002E78E3 /* Main.storyboard in Resources */ = {isa = PBXBuildFile; fileRef = BA2810AB2515EEC5002E78E3 /* Main.storyboard */; };
		BA2810B82515F6FB002E78E3 /* 3-20-i-MiSS-U-2-Namewee-ft-Joyce-Chu-CROSSOVER-ASIA-2017-YouTube.mp3 in Resources */ = {isa = PBXBuildFile; fileRef = BA2810B62515F6FB002E78E3 /* 3-20-i-MiSS-U-2-Namewee-ft-Joyce-Chu-CROSSOVER-ASIA-2017-YouTube.mp3 */; };
		BA2810B92515F6FB002E78E3 /* 3-20PUFFY-No5-YouTube.mp3 in Resources */ = {isa = PBXBuildFile; fileRef = BA2810B72515F6FB002E78E3 /* 3-20PUFFY-No5-YouTube.mp3 */; };
/* End PBXBuildFile section */

/* Begin PBXFileReference section */
		BA28109F2515EEC4002E78E3 /* a207Play.app */ = {isa = PBXFileReference; explicitFileType = wrapper.application; includeInIndex = 0; path = a207Play.app; sourceTree = BUILT_PRODUCTS_DIR; };
		BA2810A22515EEC4002E78E3 /* AppDelegate.swift */ = {isa = PBXFileReference; lastKnownFileType = sourcecode.swift; path = AppDelegate.swift; sourceTree = "<group>"; };
		BA2810A42515EEC4002E78E3 /* ViewController.swift */ = {isa = PBXFileReference; lastKnownFileType = sourcecode.swift; path = ViewController.swift; sourceTree = "<group>"; };
		BA2810A72515EEC4002E78E3 /* a207Play.xcdatamodel */ = {isa = PBXFileReference; lastKnownFileType = wrapper.xcdatamodel; path = a207Play.xcdatamodel; sourceTree = "<group>"; };
		BA2810A92515EEC5002E78E3 /* Assets.xcassets */ = {isa = PBXFileReference; lastKnownFileType = folder.assetcatalog; path = Assets.xcassets; sourceTree = "<group>"; };
		BA2810AC2515EEC5002E78E3 /* Base */ = {isa = PBXFileReference; lastKnownFileType = file.storyboard; name = Base; path = Base.lproj/Main.storyboard; sourceTree = "<group>"; };
		BA2810AE2515EEC5002E78E3 /* Info.plist */ = {isa = PBXFileReference; lastKnownFileType = text.plist.xml; path = Info.plist; sourceTree = "<group>"; };
		BA2810AF2515EEC5002E78E3 /* a207Play.entitlements */ = {isa = PBXFileReference; lastKnownFileType = text.plist.entitlements; path = a207Play.entitlements; sourceTree = "<group>"; };
		BA2810B62515F6FB002E78E3 /* 3-20-i-MiSS-U-2-Namewee-ft-Joyce-Chu-CROSSOVER-ASIA-2017-YouTube.mp3 */ = {isa = PBXFileReference; lastKnownFileType = audio.mp3; path = "3-20-i-MiSS-U-2-Namewee-ft-Joyce-Chu-CROSSOVER-ASIA-2017-YouTube.mp3"; sourceTree = "<group>"; };
		BA2810B72515F6FB002E78E3 /* 3-20PUFFY-No5-YouTube.mp3 */ = {isa = PBXFileReference; lastKnownFileType = audio.mp3; path = "3-20PUFFY-No5-YouTube.mp3"; sourceTree = "<group>"; };
/* End PBXFileReference section */

/* Begin PBXFrameworksBuildPhase section */
		BA28109C2515EEC4002E78E3 /* Frameworks */ = {
			isa = PBXFrameworksBuildPhase;
			buildActionMask = 2147483647;
			files = (
			);
			runOnlyForDeploymentPostprocessing = 0;
		};
/* End PBXFrameworksBuildPhase section */

/* Begin PBXGroup section */
		BA2810962515EEC4002E78E3 = {
			isa = PBXGroup;
			children = (
				BA2810A12515EEC4002E78E3 /* a207Play */,
				BA2810A02515EEC4002E78E3 /* Products */,
			);
			sourceTree = "<group>";
		};
		BA2810A02515EEC4002E78E3 /* Products */ = {
			isa = PBXGroup;
			children = (
				BA28109F2515EEC4002E78E3 /* a207Play.app */,
			);
			name = Products;
			sourceTree = "<group>";
		};
		BA2810A12515EEC4002E78E3 /* a207Play */ = {
			isa = PBXGroup;
			children = (
				BA2810A22515EEC4002E78E3 /* AppDelegate.swift */,
				BA2810A42515EEC4002E78E3 /* ViewController.swift */,
				BA2810B62515F6FB002E78E3 /* 3-20-i-MiSS-U-2-Namewee-ft-Joyce-Chu-CROSSOVER-ASIA-2017-YouTube.mp3 */,
				BA2810B72515F6FB002E78E3 /* 3-20PUFFY-No5-YouTube.mp3 */,
				BA2810A92515EEC5002E78E3 /* Assets.xcassets */,
				BA2810AB2515EEC5002E78E3 /* Main.storyboard */,
				BA2810AE2515EEC5002E78E3 /* Info.plist */,
				BA2810AF2515EEC5002E78E3 /* a207Play.entitlements */,
				BA2810A62515EEC4002E78E3 /* a207Play.xcdatamodeld */,
			);
			path = a207Play;
			sourceTree = "<group>";
		};
/* End PBXGroup section */

/* Begin PBXNativeTarget section */
		BA28109E2515EEC4002E78E3 /* a207Play */ = {
			isa = PBXNativeTarget;
			buildConfigurationList = BA2810B22515EEC5002E78E3 /* Build configuration list for PBXNativeTarget "a207Play" */;
			buildPhases = (
				BA28109B2515EEC4002E78E3 /* Sources */,
				BA28109C2515EEC4002E78E3 /* Frameworks */,
				BA28109D2515EEC4002E78E3 /* Resources */,
			);
			buildRules = (
			);
			dependencies = (
			);
			name = a207Play;
			productName = a207Play;
			productReference = BA28109F2515EEC4002E78E3 /* a207Play.app */;
			productType = "com.apple.product-type.application";
		};
/* End PBXNativeTarget section */

/* Begin PBXProject section */
		BA2810972515EEC4002E78E3 /* Project object */ = {
			isa = PBXProject;
			attributes = {
				LastSwiftUpdateCheck = 1200;
				LastUpgradeCheck = 1200;
				TargetAttributes = {
					BA28109E2515EEC4002E78E3 = {
						CreatedOnToolsVersion = 12.0;
					};
				};
			};
			buildConfigurationList = BA28109A2515EEC4002E78E3 /* Build configuration list for PBXProject "a207Play" */;
			compatibilityVersion = "Xcode 9.3";
			developmentRegion = en;
			hasScannedForEncodings = 0;
			knownRegions = (
				en,
				Base,
			);
			mainGroup = BA2810962515EEC4002E78E3;
			productRefGroup = BA2810A02515EEC4002E78E3 /* Products */;
			projectDirPath = "";
			projectRoot = "";
			targets = (
				BA28109E2515EEC4002E78E3 /* a207Play */,
			);
		};
/* End PBXProject section */

/* Begin PBXResourcesBuildPhase section */
		BA28109D2515EEC4002E78E3 /* Resources */ = {
			isa = PBXResourcesBuildPhase;
			buildActionMask = 2147483647;
			files = (
				BA2810B92515F6FB002E78E3 /* 3-20PUFFY-No5-YouTube.mp3 in Resources */,
				BA2810B82515F6FB002E78E3 /* 3-20-i-MiSS-U-2-Namewee-ft-Joyce-Chu-CROSSOVER-ASIA-2017-YouTube.mp3 in Resources */,
				BA2810AA2515EEC5002E78E3 /* Assets.xcassets in Resources */,
				BA2810AD2515EEC5002E78E3 /* Main.storyboard in Resources */,
			);
			runOnlyForDeploymentPostprocessing = 0;
		};
/* End PBXResourcesBuildPhase section */

/* Begin PBXSourcesBuildPhase section */
		BA28109B2515EEC4002E78E3 /* Sources */ = {
			isa = PBXSourcesBuildPhase;
			buildActionMask = 2147483647;
			files = (
				BA2810A82515EEC4002E78E3 /* a207Play.xcdatamodeld in Sources */,
				BA2810A52515EEC4002E78E3 /* ViewController.swift in Sources */,
				BA2810A32515EEC4002E78E3 /* AppDelegate.swift in Sources */,
			);
			runOnlyForDeploymentPostprocessing = 0;
		};
/* End PBXSourcesBuildPhase section */

/* Begin PBXVariantGroup section */
		BA2810AB2515EEC5002E78E3 /* Main.storyboard */ = {
			isa = PBXVariantGroup;
			children = (
				BA2810AC2515EEC5002E78E3 /* Base */,
			);
			name = Main.storyboard;
			sourceTree = "<group>";
		};
/* End PBXVariantGroup section */

/* Begin XCBuildConfiguration section */
		BA2810B02515EEC5002E78E3 /* Debug */ = {
			isa = XCBuildConfiguration;
			buildSettings = {
				ALWAYS_SEARCH_USER_PATHS = NO;
				CLANG_ANALYZER_NONNULL = YES;
				CLANG_ANALYZER_NUMBER_OBJECT_CONVERSION = YES_AGGRESSIVE;
				CLANG_CXX_LANGUAGE_STANDARD = "gnu++14";
				CLANG_CXX_LIBRARY = "libc++";
				CLANG_ENABLE_MODULES = YES;
				CLANG_ENABLE_OBJC_ARC = YES;
				CLANG_ENABLE_OBJC_WEAK = YES;
				CLANG_WARN_BLOCK_CAPTURE_AUTORELEASING = YES;
				CLANG_WARN_BOOL_CONVERSION = YES;
				CLANG_WARN_COMMA = YES;
				CLANG_WARN_CONSTANT_CONVERSION = YES;
				CLANG_WARN_DEPRECATED_OBJC_IMPLEMENTATIONS = YES;
				CLANG_WARN_DIRECT_OBJC_ISA_USAGE = YES_ERROR;
				CLANG_WARN_DOCUMENTATION_COMMENTS = YES;
				CLANG_WARN_EMPTY_BODY = YES;
				CLANG_WARN_ENUM_CONVERSION = YES;
				CLANG_WARN_INFINITE_RECURSION = YES;
				CLANG_WARN_INT_CONVERSION = YES;
				CLANG_WARN_NON_LITERAL_NULL_CONVERSION = YES;
				CLANG_WARN_OBJC_IMPLICIT_RETAIN_SELF = YES;
				CLANG_WARN_OBJC_LITERAL_CONVERSION = YES;
				CLANG_WARN_OBJC_ROOT_CLASS = YES_ERROR;
				CLANG_WARN_QUOTED_INCLUDE_IN_FRAMEWORK_HEADER = YES;
				CLANG_WARN_RANGE_LOOP_ANALYSIS = YES;
				CLANG_WARN_STRICT_PROTOTYPES = YES;
				CLANG_WARN_SUSPICIOUS_MOVE = YES;
				CLANG_WARN_UNGUARDED_AVAILABILITY = YES_AGGRESSIVE;
				CLANG_WARN_UNREACHABLE_CODE = YES;
				CLANG_WARN__DUPLICATE_METHOD_MATCH = YES;
				COPY_PHASE_STRIP = NO;
				DEBUG_INFORMATION_FORMAT = dwarf;
				ENABLE_STRICT_OBJC_MSGSEND = YES;
				ENABLE_TESTABILITY = YES;
				GCC_C_LANGUAGE_STANDARD = gnu11;
				GCC_DYNAMIC_NO_PIC = NO;
				GCC_NO_COMMON_BLOCKS = YES;
				GCC_OPTIMIZATION_LEVEL = 0;
				GCC_PREPROCESSOR_DEFINITIONS = (
					"DEBUG=1",
					"$(inherited)",
				);
				GCC_WARN_64_TO_32_BIT_CONVERSION = YES;
				GCC_WARN_ABOUT_RETURN_TYPE = YES_ERROR;
				GCC_WARN_UNDECLARED_SELECTOR = YES;
				GCC_WARN_UNINITIALIZED_AUTOS = YES_AGGRESSIVE;
				GCC_WARN_UNUSED_FUNCTION = YES;
				GCC_WARN_UNUSED_VARIABLE = YES;
				MACOSX_DEPLOYMENT_TARGET = 10.15;
				MTL_ENABLE_DEBUG_INFO = INCLUDE_SOURCE;
				MTL_FAST_MATH = YES;
				ONLY_ACTIVE_ARCH = YES;
				SDKROOT = macosx;
				SWIFT_ACTIVE_COMPILATION_CONDITIONS = DEBUG;
				SWIFT_OPTIMIZATION_LEVEL = "-Onone";
			};
			name = Debug;
		};
		BA2810B12515EEC5002E78E3 /* Release */ = {
			isa = XCBuildConfiguration;
			buildSettings = {
				ALWAYS_SEARCH_USER_PATHS = NO;
				CLANG_ANALYZER_NONNULL = YES;
				CLANG_ANALYZER_NUMBER_OBJECT_CONVERSION = YES_AGGRESSIVE;
				CLANG_CXX_LANGUAGE_STANDARD = "gnu++14";
				CLANG_CXX_LIBRARY = "libc++";
				CLANG_ENABLE_MODULES = YES;
				CLANG_ENABLE_OBJC_ARC = YES;
				CLANG_ENABLE_OBJC_WEAK = YES;
				CLANG_WARN_BLOCK_CAPTURE_AUTORELEASING = YES;
				CLANG_WARN_BOOL_CONVERSION = YES;
				CLANG_WARN_COMMA = YES;
				CLANG_WARN_CONSTANT_CONVERSION = YES;
				CLANG_WARN_DEPRECATED_OBJC_IMPLEMENTATIONS = YES;
				CLANG_WARN_DIRECT_OBJC_ISA_USAGE = YES_ERROR;
				CLANG_WARN_DOCUMENTATION_COMMENTS = YES;
				CLANG_WARN_EMPTY_BODY = YES;
				CLANG_WARN_ENUM_CONVERSION = YES;
				CLANG_WARN_INFINITE_RECURSION = YES;
				CLANG_WARN_INT_CONVERSION = YES;
				CLANG_WARN_NON_LITERAL_NULL_CONVERSION = YES;
				CLANG_WARN_OBJC_IMPLICIT_RETAIN_SELF = YES;
				CLANG_WARN_OBJC_LITERAL_CONVERSION = YES;
				CLANG_WARN_OBJC_ROOT_CLASS = YES_ERROR;
				CLANG_WARN_QUOTED_INCLUDE_IN_FRAMEWORK_HEADER = YES;
				CLANG_WARN_RANGE_LOOP_ANALYSIS = YES;
				CLANG_WARN_STRICT_PROTOTYPES = YES;
				CLANG_WARN_SUSPICIOUS_MOVE = YES;
				CLANG_WARN_UNGUARDED_AVAILABILITY = YES_AGGRESSIVE;
				CLANG_WARN_UNREACHABLE_CODE = YES;
				CLANG_WARN__DUPLICATE_METHOD_MATCH = YES;
				COPY_PHASE_STRIP = NO;
				DEBUG_INFORMATION_FORMAT = "dwarf-with-dsym";
				ENABLE_NS_ASSERTIONS = NO;
				ENABLE_STRICT_OBJC_MSGSEND = YES;
				GCC_C_LANGUAGE_STANDARD = gnu11;
				GCC_NO_COMMON_BLOCKS = YES;
				GCC_WARN_64_TO_32_BIT_CONVERSION = YES;
				GCC_WARN_ABOUT_RETURN_TYPE = YES_ERROR;
				GCC_WARN_UNDECLARED_SELECTOR = YES;
				GCC_WARN_UNINITIALIZED_AUTOS = YES_AGGRESSIVE;
				GCC_WARN_UNUSED_FUNCTION = YES;
				GCC_WARN_UNUSED_VARIABLE = YES;
				MACOSX_DEPLOYMENT_TARGET = 10.15;
				MTL_ENABLE_DEBUG_INFO = NO;
				MTL_FAST_MATH = YES;
				SDKROOT = macosx;
				SWIFT_COMPILATION_MODE = wholemodule;
				SWIFT_OPTIMIZATION_LEVEL = "-O";
			};
			name = Release;
		};
		BA2810B32515EEC5002E78E3 /* Debug */ = {
			isa = XCBuildConfiguration;
			buildSettings = {
				ASSETCATALOG_COMPILER_APPICON_NAME = AppIcon;
				ASSETCATALOG_COMPILER_GLOBAL_ACCENT_COLOR_NAME = AccentColor;
				CODE_SIGN_ENTITLEMENTS = a207Play/a207Play.entitlements;
				CODE_SIGN_STYLE = Automatic;
				COMBINE_HIDPI_IMAGES = YES;
				DEVELOPMENT_TEAM = XSVW22JPST;
				ENABLE_HARDENED_RUNTIME = YES;
				INFOPLIST_FILE = a207Play/Info.plist;
				LD_RUNPATH_SEARCH_PATHS = (
					"$(inherited)",
					"@executable_path/../Frameworks",
				);
				PRODUCT_BUNDLE_IDENTIFIER = idev.sjw.a207Play;
				PRODUCT_NAME = "$(TARGET_NAME)";
				SWIFT_VERSION = 5.0;
			};
			name = Debug;
		};
		BA2810B42515EEC5002E78E3 /* Release */ = {
			isa = XCBuildConfiguration;
			buildSettings = {
				ASSETCATALOG_COMPILER_APPICON_NAME = AppIcon;
				ASSETCATALOG_COMPILER_GLOBAL_ACCENT_COLOR_NAME = AccentColor;
				CODE_SIGN_ENTITLEMENTS = a207Play/a207Play.entitlements;
				CODE_SIGN_STYLE = Automatic;
				COMBINE_HIDPI_IMAGES = YES;
				DEVELOPMENT_TEAM = XSVW22JPST;
				ENABLE_HARDENED_RUNTIME = YES;
				INFOPLIST_FILE = a207Play/Info.plist;
				LD_RUNPATH_SEARCH_PATHS = (
					"$(inherited)",
					"@executable_path/../Frameworks",
				);
				PRODUCT_BUNDLE_IDENTIFIER = idev.sjw.a207Play;
				PRODUCT_NAME = "$(TARGET_NAME)";
				SWIFT_VERSION = 5.0;
			};
			name = Release;
		};
/* End XCBuildConfiguration section */

/* Begin XCConfigurationList section */
		BA28109A2515EEC4002E78E3 /* Build configuration list for PBXProject "a207Play" */ = {
			isa = XCConfigurationList;
			buildConfigurations = (
				BA2810B02515EEC5002E78E3 /* Debug */,
				BA2810B12515EEC5002E78E3 /* Release */,
			);
			defaultConfigurationIsVisible = 0;
			defaultConfigurationName = Release;
		};
		BA2810B22515EEC5002E78E3 /* Build configuration list for PBXNativeTarget "a207Play" */ = {
			isa = XCConfigurationList;
			buildConfigurations = (
				BA2810B32515EEC5002E78E3 /* Debug */,
				BA2810B42515EEC5002E78E3 /* Release */,
			);
			defaultConfigurationIsVisible = 0;
			defaultConfigurationName = Release;
		};
/* End XCConfigurationList section */

/* Begin XCVersionGroup section */
		BA2810A62515EEC4002E78E3 /* a207Play.xcdatamodeld */ = {
			isa = XCVersionGroup;
			children = (
				BA2810A72515EEC4002E78E3 /* a207Play.xcdatamodel */,
			);
			currentVersion = BA2810A72515EEC4002E78E3 /* a207Play.xcdatamodel */;
			path = a207Play.xcdatamodeld;
			sourceTree = "<group>";
			versionGroupType = wrapper.xcdatamodel;
		};
/* End XCVersionGroup section */
	};
	rootObject = BA2810972515EEC4002E78E3 /* Project object */;
}
